
Microsoft Visual Studio Solution File, Format Version 12.00
# Visual Studio Version 17
VisualStudioVersion = 17.10.35013.160
MinimumVisualStudioVersion = 10.0.40219.1
Project("{9A19103F-16F7-4668-BE54-9A1E7A4F7556}") = "MagicVilla_VillaAPI", "FirstExample_API\MagicVilla_VillaAPI.csproj", "{3036133F-1CE5-4999-A1C7-184C5AC3B59E}"
EndProject
Global
	GlobalSection(SolutionConfigurationPlatforms) = preSolution
		Debug|Any CPU = Debug|Any CPU
		Release|Any CPU = Release|Any CPU
	EndGlobalSection
	GlobalSection(ProjectConfigurationPlatforms) = postSolution
		{3036133F-1CE5-4999-A1C7-184C5AC3B59E}.Debug|Any CPU.ActiveCfg = Debug|Any CPU
		{3036133F-1CE5-4999-A1C7-184C5AC3B59E}.Debug|Any CPU.Build.0 = Debug|Any CPU
		{3036133F-1CE5-4999-A1C7-184C5AC3B59E}.Release|Any CPU.ActiveCfg = Release|Any CPU
		{3036133F-1CE5-4999-A1C7-184C5AC3B59E}.Release|Any CPU.Build.0 = Release|Any CPU
	EndGlobalSection
	GlobalSection(SolutionProperties) = preSolution
		HideSolutionNode = FALSE
	EndGlobalSection
	GlobalSection(ExtensibilityGlobals) = postSolution
		SolutionGuid = {6AED6E07-8F3A-4661-95D0-A977C6AAC2D5}
	EndGlobalSection
EndGlobal
