
Microsoft Visual Studio Solution File, Format Version 12.00
# Visual Studio Version 17
VisualStudioVersion = 17.10.35013.160
MinimumVisualStudioVersion = 10.0.40219.1
Project("{FAE04EC0-301F-11D3-BF4B-00C04F79EFBC}") = "Baslangic", "Baslangic\Baslangic.csproj", "{24CBFCC0-8343-447E-819F-5D85A5C8492E}"
EndProject
Global
	GlobalSection(SolutionConfigurationPlatforms) = preSolution
		Debug|Any CPU = Debug|Any CPU
		Release|Any CPU = Release|Any CPU
	EndGlobalSection
	GlobalSection(ProjectConfigurationPlatforms) = postSolution
		{24CBFCC0-8343-447E-819F-5D85A5C8492E}.Debug|Any CPU.ActiveCfg = Debug|Any CPU
		{24CBFCC0-8343-447E-819F-5D85A5C8492E}.Debug|Any CPU.Build.0 = Debug|Any CPU
		{24CBFCC0-8343-447E-819F-5D85A5C8492E}.Release|Any CPU.ActiveCfg = Release|Any CPU
		{24CBFCC0-8343-447E-819F-5D85A5C8492E}.Release|Any CPU.Build.0 = Release|Any CPU
	EndGlobalSection
	GlobalSection(SolutionProperties) = preSolution
		HideSolutionNode = FALSE
	EndGlobalSection
	GlobalSection(ExtensibilityGlobals) = postSolution
		SolutionGuid = {43AA1C08-BCF1-4346-8701-E92B289D9E05}
	EndGlobalSection
EndGlobal
