
Microsoft Visual Studio Solution File, Format Version 12.00
# Visual Studio Version 17
VisualStudioVersion = 17.10.35013.160
MinimumVisualStudioVersion = 10.0.40219.1
Project("{FAE04EC0-301F-11D3-BF4B-00C04F79EFBC}") = "WebApplication2", "WebApplication2\WebApplication2.csproj", "{EA36BC45-1E47-4BC8-BFC9-F871B3746693}"
EndProject
Global
	GlobalSection(SolutionConfigurationPlatforms) = preSolution
		Debug|Any CPU = Debug|Any CPU
		Release|Any CPU = Release|Any CPU
	EndGlobalSection
	GlobalSection(ProjectConfigurationPlatforms) = postSolution
		{EA36BC45-1E47-4BC8-BFC9-F871B3746693}.Debug|Any CPU.ActiveCfg = Debug|Any CPU
		{EA36BC45-1E47-4BC8-BFC9-F871B3746693}.Debug|Any CPU.Build.0 = Debug|Any CPU
		{EA36BC45-1E47-4BC8-BFC9-F871B3746693}.Release|Any CPU.ActiveCfg = Release|Any CPU
		{EA36BC45-1E47-4BC8-BFC9-F871B3746693}.Release|Any CPU.Build.0 = Release|Any CPU
	EndGlobalSection
	GlobalSection(SolutionProperties) = preSolution
		HideSolutionNode = FALSE
	EndGlobalSection
	GlobalSection(ExtensibilityGlobals) = postSolution
		SolutionGuid = {626C3EE1-F193-4975-A444-C5ED83F37CCD}
	EndGlobalSection
EndGlobal
